
Microsoft Visual Studio Solution File, Format Version 12.00
Project("{2150E333-8FDC-42A3-9474-1A3956D46DE8}") = "Deploy", "Deploy", "{D08D9DC6-5796-4C75-A5CD-D96B95693E01}"
	ProjectSection(SolutionItems) = preProject
		docker-compose.yml = docker-compose.yml
	EndProjectSection
EndProject
Project("{FAE04EC0-301F-11D3-BF4B-00C04F79EFBC}") = "Speckles.Api", "Speckles.Api\Speckles.Api.csproj", "{B6C879A0-58C6-416E-96B6-C46CF9A8F9BB}"
EndProject
Project("{FAE04EC0-301F-11D3-BF4B-00C04F79EFBC}") = "Speckles.Database", "Speckles.Database\Speckles.Database.csproj", "{39E2A835-DE64-4906-A8F7-AFB494867C57}"
EndProject
Global
	GlobalSection(SolutionConfigurationPlatforms) = preSolution
		Debug|Any CPU = Debug|Any CPU
		Release|Any CPU = Release|Any CPU
	EndGlobalSection
	GlobalSection(ProjectConfigurationPlatforms) = postSolution
		{B6C879A0-58C6-416E-96B6-C46CF9A8F9BB}.Debug|Any CPU.ActiveCfg = Debug|Any CPU
		{B6C879A0-58C6-416E-96B6-C46CF9A8F9BB}.Debug|Any CPU.Build.0 = Debug|Any CPU
		{B6C879A0-58C6-416E-96B6-C46CF9A8F9BB}.Release|Any CPU.ActiveCfg = Release|Any CPU
		{B6C879A0-58C6-416E-96B6-C46CF9A8F9BB}.Release|Any CPU.Build.0 = Release|Any CPU
		{39E2A835-DE64-4906-A8F7-AFB494867C57}.Debug|Any CPU.ActiveCfg = Debug|Any CPU
		{39E2A835-DE64-4906-A8F7-AFB494867C57}.Debug|Any CPU.Build.0 = Debug|Any CPU
		{39E2A835-DE64-4906-A8F7-AFB494867C57}.Release|Any CPU.ActiveCfg = Release|Any CPU
		{39E2A835-DE64-4906-A8F7-AFB494867C57}.Release|Any CPU.Build.0 = Release|Any CPU
	EndGlobalSection
EndGlobal
